{
  "requires": true,
  "lockfileVersion": 1,
  "dependencies": {
    "figlet": {
      "version": "1.4.0",
      "resolved": "https://registry.npmjs.org/figlet/-/figlet-1.4.0.tgz",
      "integrity": "sha512-CxxIjEKHlqGosgXaIA+sikGDdV6KZOOlzPJnYuPgQlOSHZP5h9WIghYI30fyXnwEVeSH7Hedy72gC6zJrFC+SQ=="
    }
  }
}
